// !$*UTF8*$!
{
	archiveVersion = 1;
	classes = {
	};
	objectVersion = 46;
	objects = {

/* Begin PBXBuildFile section */
		23CC5174197B362F008879F9 /* Foundation.framework in Frameworks */ = {isa = PBXBuildFile; fileRef = 23CC5173197B362F008879F9 /* Foundation.framework */; };
		23CC5176197B362F008879F9 /* CoreGraphics.framework in Frameworks */ = {isa = PBXBuildFile; fileRef = 23CC5175197B362F008879F9 /* CoreGraphics.framework */; };
		23CC5178197B362F008879F9 /* UIKit.framework in Frameworks */ = {isa = PBXBuildFile; fileRef = 23CC5177197B362F008879F9 /* UIKit.framework */; };
		23CC517E197B362F008879F9 /* InfoPlist.strings in Resources */ = {isa = PBXBuildFile; fileRef = 23CC517C197B362F008879F9 /* InfoPlist.strings */; };
		23CC5180197B362F008879F9 /* main.m in Sources */ = {isa = PBXBuildFile; fileRef = 23CC517F197B362F008879F9 /* main.m */; };
		23CC5184197B362F008879F9 /* CardGameAppDelegate.m in Sources */ = {isa = PBXBuildFile; fileRef = 23CC5183197B362F008879F9 /* CardGameAppDelegate.m */; };
		23CC5187197B362F008879F9 /* Main.storyboard in Resources */ = {isa = PBXBuildFile; fileRef = 23CC5185197B362F008879F9 /* Main.storyboard */; };
		23CC518A197B362F008879F9 /* CardGameViewController.m in Sources */ = {isa = PBXBuildFile; fileRef = 23CC5189197B362F008879F9 /* CardGameViewController.m */; };
		23CC518C197B362F008879F9 /* Images.xcassets in Resources */ = {isa = PBXBuildFile; fileRef = 23CC518B197B362F008879F9 /* Images.xcassets */; };
		23CC5193197B362F008879F9 /* XCTest.framework in Frameworks */ = {isa = PBXBuildFile; fileRef = 23CC5192197B362F008879F9 /* XCTest.framework */; };
		23CC5194197B362F008879F9 /* Foundation.framework in Frameworks */ = {isa = PBXBuildFile; fileRef = 23CC5173197B362F008879F9 /* Foundation.framework */; };
		23CC5195197B362F008879F9 /* UIKit.framework in Frameworks */ = {isa = PBXBuildFile; fileRef = 23CC5177197B362F008879F9 /* UIKit.framework */; };
		23CC519D197B362F008879F9 /* InfoPlist.strings in Resources */ = {isa = PBXBuildFile; fileRef = 23CC519B197B362F008879F9 /* InfoPlist.strings */; };
		23CC519F197B362F008879F9 /* MatchismoTests.m in Sources */ = {isa = PBXBuildFile; fileRef = 23CC519E197B362F008879F9 /* MatchismoTests.m */; };
		23CC51AE197B38AE008879F9 /* Card.m in Sources */ = {isa = PBXBuildFile; fileRef = 23CC51AD197B38AE008879F9 /* Card.m */; };
		23CC51B1197B4885008879F9 /* Deck.m in Sources */ = {isa = PBXBuildFile; fileRef = 23CC51B0197B4885008879F9 /* Deck.m */; };
		23CC51B4197B4C82008879F9 /* PlayingCard.m in Sources */ = {isa = PBXBuildFile; fileRef = 23CC51B3197B4C82008879F9 /* PlayingCard.m */; };
/* End PBXBuildFile section */

/* Begin PBXContainerItemProxy section */
		23CC5196197B362F008879F9 /* PBXContainerItemProxy */ = {
			isa = PBXContainerItemProxy;
			containerPortal = 23CC5168197B362F008879F9 /* Project object */;
			proxyType = 1;
			remoteGlobalIDString = 23CC516F197B362F008879F9;
			remoteInfo = Matchismo;
		};
/* End PBXContainerItemProxy section */

/* Begin PBXFileReference section */
		23CC5170197B362F008879F9 /* Matchismo.app */ = {isa = PBXFileReference; explicitFileType = wrapper.application; includeInIndex = 0; path = Matchismo.app; sourceTree = BUILT_PRODUCTS_DIR; };
		23CC5173197B362F008879F9 /* Foundation.framework */ = {isa = PBXFileReference; lastKnownFileType = wrapper.framework; name = Foundation.framework; path = System/Library/Frameworks/Foundation.framework; sourceTree = SDKROOT; };
		23CC5175197B362F008879F9 /* CoreGraphics.framework */ = {isa = PBXFileReference; lastKnownFileType = wrapper.framework; name = CoreGraphics.framework; path = System/Library/Frameworks/CoreGraphics.framework; sourceTree = SDKROOT; };
		23CC5177197B362F008879F9 /* UIKit.framework */ = {isa = PBXFileReference; lastKnownFileType = wrapper.framework; name = UIKit.framework; path = System/Library/Frameworks/UIKit.framework; sourceTree = SDKROOT; };
		23CC517B197B362F008879F9 /* Matchismo-Info.plist */ = {isa = PBXFileReference; lastKnownFileType = text.plist.xml; path = "Matchismo-Info.plist"; sourceTree = "<group>"; };
		23CC517D197B362F008879F9 /* en */ = {isa = PBXFileReference; lastKnownFileType = text.plist.strings; name = en; path = en.lproj/InfoPlist.strings; sourceTree = "<group>"; };
		23CC517F197B362F008879F9 /* main.m */ = {isa = PBXFileReference; lastKnownFileType = sourcecode.c.objc; path = main.m; sourceTree = "<group>"; };
		23CC5181197B362F008879F9 /* Matchismo-Prefix.pch */ = {isa = PBXFileReference; lastKnownFileType = sourcecode.c.h; path = "Matchismo-Prefix.pch"; sourceTree = "<group>"; };
		23CC5182197B362F008879F9 /* CardGameAppDelegate.h */ = {isa = PBXFileReference; lastKnownFileType = sourcecode.c.h; path = CardGameAppDelegate.h; sourceTree = "<group>"; };
		23CC5183197B362F008879F9 /* CardGameAppDelegate.m */ = {isa = PBXFileReference; lastKnownFileType = sourcecode.c.objc; path = CardGameAppDelegate.m; sourceTree = "<group>"; };
		23CC5186197B362F008879F9 /* Base */ = {isa = PBXFileReference; lastKnownFileType = file.storyboard; name = Base; path = Base.lproj/Main.storyboard; sourceTree = "<group>"; };
		23CC5188197B362F008879F9 /* CardGameViewController.h */ = {isa = PBXFileReference; lastKnownFileType = sourcecode.c.h; path = CardGameViewController.h; sourceTree = "<group>"; };
		23CC5189197B362F008879F9 /* CardGameViewController.m */ = {isa = PBXFileReference; lastKnownFileType = sourcecode.c.objc; path = CardGameViewController.m; sourceTree = "<group>"; };
		23CC518B197B362F008879F9 /* Images.xcassets */ = {isa = PBXFileReference; lastKnownFileType = folder.assetcatalog; path = Images.xcassets; sourceTree = "<group>"; };
		23CC5191197B362F008879F9 /* MatchismoTests.xctest */ = {isa = PBXFileReference; explicitFileType = wrapper.cfbundle; includeInIndex = 0; path = MatchismoTests.xctest; sourceTree = BUILT_PRODUCTS_DIR; };
		23CC5192197B362F008879F9 /* XCTest.framework */ = {isa = PBXFileReference; lastKnownFileType = wrapper.framework; name = XCTest.framework; path = Library/Frameworks/XCTest.framework; sourceTree = DEVELOPER_DIR; };
		23CC519A197B362F008879F9 /* MatchismoTests-Info.plist */ = {isa = PBXFileReference; lastKnownFileType = text.plist.xml; path = "MatchismoTests-Info.plist"; sourceTree = "<group>"; };
		23CC519C197B362F008879F9 /* en */ = {isa = PBXFileReference; lastKnownFileType = text.plist.strings; name = en; path = en.lproj/InfoPlist.strings; sourceTree = "<group>"; };
		23CC519E197B362F008879F9 /* MatchismoTests.m */ = {isa = PBXFileReference; lastKnownFileType = sourcecode.c.objc; path = MatchismoTests.m; sourceTree = "<group>"; };
		23CC51AC197B38AE008879F9 /* Card.h */ = {isa = PBXFileReference; fileEncoding = 4; lastKnownFileType = sourcecode.c.h; path = Card.h; sourceTree = "<group>"; };
		23CC51AD197B38AE008879F9 /* Card.m */ = {isa = PBXFileReference; fileEncoding = 4; lastKnownFileType = sourcecode.c.objc; path = Card.m; sourceTree = "<group>"; };
		23CC51AF197B4885008879F9 /* Deck.h */ = {isa = PBXFileReference; fileEncoding = 4; lastKnownFileType = sourcecode.c.h; path = Deck.h; sourceTree = "<group>"; };
		23CC51B0197B4885008879F9 /* Deck.m */ = {isa = PBXFileReference; fileEncoding = 4; lastKnownFileType = sourcecode.c.objc; path = Deck.m; sourceTree = "<group>"; };
		23CC51B2197B4C82008879F9 /* PlayingCard.h */ = {isa = PBXFileReference; fileEncoding = 4; lastKnownFileType = sourcecode.c.h; path = PlayingCard.h; sourceTree = "<group>"; };
		23CC51B3197B4C82008879F9 /* PlayingCard.m */ = {isa = PBXFileReference; fileEncoding = 4; lastKnownFileType = sourcecode.c.objc; path = PlayingCard.m; sourceTree = "<group>"; };
/* End PBXFileReference section */

/* Begin PBXFrameworksBuildPhase section */
		23CC516D197B362F008879F9 /* Frameworks */ = {
			isa = PBXFrameworksBuildPhase;
			buildActionMask = 2147483647;
			files = (
				23CC5176197B362F008879F9 /* CoreGraphics.framework in Frameworks */,
				23CC5178197B362F008879F9 /* UIKit.framework in Frameworks */,
				23CC5174197B362F008879F9 /* Foundation.framework in Frameworks */,
			);
			runOnlyForDeploymentPostprocessing = 0;
		};
		23CC518E197B362F008879F9 /* Frameworks */ = {
			isa = PBXFrameworksBuildPhase;
			buildActionMask = 2147483647;
			files = (
				23CC5193197B362F008879F9 /* XCTest.framework in Frameworks */,
				23CC5195197B362F008879F9 /* UIKit.framework in Frameworks */,
				23CC5194197B362F008879F9 /* Foundation.framework in Frameworks */,
			);
			runOnlyForDeploymentPostprocessing = 0;
		};
/* End PBXFrameworksBuildPhase section */

/* Begin PBXGroup section */
		23CC5167197B362F008879F9 = {
			isa = PBXGroup;
			children = (
				23CC5179197B362F008879F9 /* Matchismo */,
				23CC5198197B362F008879F9 /* MatchismoTests */,
				23CC5172197B362F008879F9 /* Frameworks */,
				23CC5171197B362F008879F9 /* Products */,
			);
			sourceTree = "<group>";
		};
		23CC5171197B362F008879F9 /* Products */ = {
			isa = PBXGroup;
			children = (
				23CC5170197B362F008879F9 /* Matchismo.app */,
				23CC5191197B362F008879F9 /* MatchismoTests.xctest */,
			);
			name = Products;
			sourceTree = "<group>";
		};
		23CC5172197B362F008879F9 /* Frameworks */ = {
			isa = PBXGroup;
			children = (
				23CC5173197B362F008879F9 /* Foundation.framework */,
				23CC5175197B362F008879F9 /* CoreGraphics.framework */,
				23CC5177197B362F008879F9 /* UIKit.framework */,
				23CC5192197B362F008879F9 /* XCTest.framework */,
			);
			name = Frameworks;
			sourceTree = "<group>";
		};
		23CC5179197B362F008879F9 /* Matchismo */ = {
			isa = PBXGroup;
			children = (
				23CC51AB197B3887008879F9 /* Model */,
				23CC5185197B362F008879F9 /* Main.storyboard */,
				23CC5188197B362F008879F9 /* CardGameViewController.h */,
				23CC5189197B362F008879F9 /* CardGameViewController.m */,
				23CC518B197B362F008879F9 /* Images.xcassets */,
				23CC517A197B362F008879F9 /* Supporting Files */,
			);
			path = Matchismo;
			sourceTree = "<group>";
		};
		23CC517A197B362F008879F9 /* Supporting Files */ = {
			isa = PBXGroup;
			children = (
				23CC5182197B362F008879F9 /* CardGameAppDelegate.h */,
				23CC5183197B362F008879F9 /* CardGameAppDelegate.m */,
				23CC517B197B362F008879F9 /* Matchismo-Info.plist */,
				23CC517C197B362F008879F9 /* InfoPlist.strings */,
				23CC517F197B362F008879F9 /* main.m */,
				23CC5181197B362F008879F9 /* Matchismo-Prefix.pch */,
			);
			name = "Supporting Files";
			sourceTree = "<group>";
		};
		23CC5198197B362F008879F9 /* MatchismoTests */ = {
			isa = PBXGroup;
			children = (
				23CC519E197B362F008879F9 /* MatchismoTests.m */,
				23CC5199197B362F008879F9 /* Supporting Files */,
			);
			path = MatchismoTests;
			sourceTree = "<group>";
		};
		23CC5199197B362F008879F9 /* Supporting Files */ = {
			isa = PBXGroup;
			children = (
				23CC519A197B362F008879F9 /* MatchismoTests-Info.plist */,
				23CC519B197B362F008879F9 /* InfoPlist.strings */,
			);
			name = "Supporting Files";
			sourceTree = "<group>";
		};
		23CC51AB197B3887008879F9 /* Model */ = {
			isa = PBXGroup;
			children = (
				23CC51AC197B38AE008879F9 /* Card.h */,
				23CC51AD197B38AE008879F9 /* Card.m */,
				23CC51AF197B4885008879F9 /* Deck.h */,
				23CC51B0197B4885008879F9 /* Deck.m */,
				23CC51B2197B4C82008879F9 /* PlayingCard.h */,
				23CC51B3197B4C82008879F9 /* PlayingCard.m */,
			);
			name = Model;
			sourceTree = "<group>";
		};
/* End PBXGroup section */

/* Begin PBXNativeTarget section */
		23CC516F197B362F008879F9 /* Matchismo */ = {
			isa = PBXNativeTarget;
			buildConfigurationList = 23CC51A2197B362F008879F9 /* Build configuration list for PBXNativeTarget "Matchismo" */;
			buildPhases = (
				23CC516C197B362F008879F9 /* Sources */,
				23CC516D197B362F008879F9 /* Frameworks */,
				23CC516E197B362F008879F9 /* Resources */,
			);
			buildRules = (
			);
			dependencies = (
			);
			name = Matchismo;
			productName = Matchismo;
			productReference = 23CC5170197B362F008879F9 /* Matchismo.app */;
			productType = "com.apple.product-type.application";
		};
		23CC5190197B362F008879F9 /* MatchismoTests */ = {
			isa = PBXNativeTarget;
			buildConfigurationList = 23CC51A5197B362F008879F9 /* Build configuration list for PBXNativeTarget "MatchismoTests" */;
			buildPhases = (
				23CC518D197B362F008879F9 /* Sources */,
				23CC518E197B362F008879F9 /* Frameworks */,
				23CC518F197B362F008879F9 /* Resources */,
			);
			buildRules = (
			);
			dependencies = (
				23CC5197197B362F008879F9 /* PBXTargetDependency */,
			);
			name = MatchismoTests;
			productName = MatchismoTests;
			productReference = 23CC5191197B362F008879F9 /* MatchismoTests.xctest */;
			productType = "com.apple.product-type.bundle.unit-test";
		};
/* End PBXNativeTarget section */

/* Begin PBXProject section */
		23CC5168197B362F008879F9 /* Project object */ = {
			isa = PBXProject;
			attributes = {
				CLASSPREFIX = CardGame;
				LastUpgradeCheck = 0510;
				ORGANIZATIONNAME = "Sujay's Dev Center";
				TargetAttributes = {
					23CC5190197B362F008879F9 = {
						TestTargetID = 23CC516F197B362F008879F9;
					};
				};
			};
			buildConfigurationList = 23CC516B197B362F008879F9 /* Build configuration list for PBXProject "Matchismo" */;
			compatibilityVersion = "Xcode 3.2";
			developmentRegion = English;
			hasScannedForEncodings = 0;
			knownRegions = (
				en,
				Base,
			);
			mainGroup = 23CC5167197B362F008879F9;
			productRefGroup = 23CC5171197B362F008879F9 /* Products */;
			projectDirPath = "";
			projectRoot = "";
			targets = (
				23CC516F197B362F008879F9 /* Matchismo */,
				23CC5190197B362F008879F9 /* MatchismoTests */,
			);
		};
/* End PBXProject section */

/* Begin PBXResourcesBuildPhase section */
		23CC516E197B362F008879F9 /* Resources */ = {
			isa = PBXResourcesBuildPhase;
			buildActionMask = 2147483647;
			files = (
				23CC518C197B362F008879F9 /* Images.xcassets in Resources */,
				23CC517E197B362F008879F9 /* InfoPlist.strings in Resources */,
				23CC5187197B362F008879F9 /* Main.storyboard in Resources */,
			);
			runOnlyForDeploymentPostprocessing = 0;
		};
		23CC518F197B362F008879F9 /* Resources */ = {
			isa = PBXResourcesBuildPhase;
			buildActionMask = 2147483647;
			files = (
				23CC519D197B362F008879F9 /* InfoPlist.strings in Resources */,
			);
			runOnlyForDeploymentPostprocessing = 0;
		};
/* End PBXResourcesBuildPhase section */

/* Begin PBXSourcesBuildPhase section */
		23CC516C197B362F008879F9 /* Sources */ = {
			isa = PBXSourcesBuildPhase;
			buildActionMask = 2147483647;
			files = (
				23CC51B4197B4C82008879F9 /* PlayingCard.m in Sources */,
				23CC51B1197B4885008879F9 /* Deck.m in Sources */,
				23CC5184197B362F008879F9 /* CardGameAppDelegate.m in Sources */,
				23CC518A197B362F008879F9 /* CardGameViewController.m in Sources */,
				23CC5180197B362F008879F9 /* main.m in Sources */,
				23CC51AE197B38AE008879F9 /* Card.m in Sources */,
			);
			runOnlyForDeploymentPostprocessing = 0;
		};
		23CC518D197B362F008879F9 /* Sources */ = {
			isa = PBXSourcesBuildPhase;
			buildActionMask = 2147483647;
			files = (
				23CC519F197B362F008879F9 /* MatchismoTests.m in Sources */,
			);
			runOnlyForDeploymentPostprocessing = 0;
		};
/* End PBXSourcesBuildPhase section */

/* Begin PBXTargetDependency section */
		23CC5197197B362F008879F9 /* PBXTargetDependency */ = {
			isa = PBXTargetDependency;
			target = 23CC516F197B362F008879F9 /* Matchismo */;
			targetProxy = 23CC5196197B362F008879F9 /* PBXContainerItemProxy */;
		};
/* End PBXTargetDependency section */

/* Begin PBXVariantGroup section */
		23CC517C197B362F008879F9 /* InfoPlist.strings */ = {
			isa = PBXVariantGroup;
			children = (
				23CC517D197B362F008879F9 /* en */,
			);
			name = InfoPlist.strings;
			sourceTree = "<group>";
		};
		23CC5185197B362F008879F9 /* Main.storyboard */ = {
			isa = PBXVariantGroup;
			children = (
				23CC5186197B362F008879F9 /* Base */,
			);
			name = Main.storyboard;
			sourceTree = "<group>";
		};
		23CC519B197B362F008879F9 /* InfoPlist.strings */ = {
			isa = PBXVariantGroup;
			children = (
				23CC519C197B362F008879F9 /* en */,
			);
			name = InfoPlist.strings;
			sourceTree = "<group>";
		};
/* End PBXVariantGroup section */

/* Begin XCBuildConfiguration section */
		23CC51A0197B362F008879F9 /* Debug */ = {
			isa = XCBuildConfiguration;
			buildSettings = {
				ALWAYS_SEARCH_USER_PATHS = NO;
				CLANG_CXX_LANGUAGE_STANDARD = "gnu++0x";
				CLANG_CXX_LIBRARY = "libc++";
				CLANG_ENABLE_MODULES = YES;
				CLANG_ENABLE_OBJC_ARC = YES;
				CLANG_WARN_BOOL_CONVERSION = YES;
				CLANG_WARN_CONSTANT_CONVERSION = YES;
				CLANG_WARN_DIRECT_OBJC_ISA_USAGE = YES_ERROR;
				CLANG_WARN_EMPTY_BODY = YES;
				CLANG_WARN_ENUM_CONVERSION = YES;
				CLANG_WARN_INT_CONVERSION = YES;
				CLANG_WARN_OBJC_ROOT_CLASS = YES_ERROR;
				CLANG_WARN__DUPLICATE_METHOD_MATCH = YES;
				"CODE_SIGN_IDENTITY[sdk=iphoneos*]" = "iPhone Developer";
				COPY_PHASE_STRIP = NO;
				GCC_C_LANGUAGE_STANDARD = gnu99;
				GCC_DYNAMIC_NO_PIC = NO;
				GCC_OPTIMIZATION_LEVEL = 0;
				GCC_PREPROCESSOR_DEFINITIONS = (
					"DEBUG=1",
					"$(inherited)",
				);
				GCC_SYMBOLS_PRIVATE_EXTERN = NO;
				GCC_WARN_64_TO_32_BIT_CONVERSION = YES;
				GCC_WARN_ABOUT_RETURN_TYPE = YES_ERROR;
				GCC_WARN_UNDECLARED_SELECTOR = YES;
				GCC_WARN_UNINITIALIZED_AUTOS = YES_AGGRESSIVE;
				GCC_WARN_UNUSED_FUNCTION = YES;
				GCC_WARN_UNUSED_VARIABLE = YES;
				IPHONEOS_DEPLOYMENT_TARGET = 7.1;
				ONLY_ACTIVE_ARCH = YES;
				SDKROOT = iphoneos;
			};
			name = Debug;
		};
		23CC51A1197B362F008879F9 /* Release */ = {
			isa = XCBuildConfiguration;
			buildSettings = {
				ALWAYS_SEARCH_USER_PATHS = NO;
				CLANG_CXX_LANGUAGE_STANDARD = "gnu++0x";
				CLANG_CXX_LIBRARY = "libc++";
				CLANG_ENABLE_MODULES = YES;
				CLANG_ENABLE_OBJC_ARC = YES;
				CLANG_WARN_BOOL_CONVERSION = YES;
				CLANG_WARN_CONSTANT_CONVERSION = YES;
				CLANG_WARN_DIRECT_OBJC_ISA_USAGE = YES_ERROR;
				CLANG_WARN_EMPTY_BODY = YES;
				CLANG_WARN_ENUM_CONVERSION = YES;
				CLANG_WARN_INT_CONVERSION = YES;
				CLANG_WARN_OBJC_ROOT_CLASS = YES_ERROR;
				CLANG_WARN__DUPLICATE_METHOD_MATCH = YES;
				"CODE_SIGN_IDENTITY[sdk=iphoneos*]" = "iPhone Developer";
				COPY_PHASE_STRIP = YES;
				ENABLE_NS_ASSERTIONS = NO;
				GCC_C_LANGUAGE_STANDARD = gnu99;
				GCC_WARN_64_TO_32_BIT_CONVERSION = YES;
				GCC_WARN_ABOUT_RETURN_TYPE = YES_ERROR;
				GCC_WARN_UNDECLARED_SELECTOR = YES;
				GCC_WARN_UNINITIALIZED_AUTOS = YES_AGGRESSIVE;
				GCC_WARN_UNUSED_FUNCTION = YES;
				GCC_WARN_UNUSED_VARIABLE = YES;
				IPHONEOS_DEPLOYMENT_TARGET = 7.1;
				SDKROOT = iphoneos;
				VALIDATE_PRODUCT = YES;
			};
			name = Release;
		};
		23CC51A3197B362F008879F9 /* Debug */ = {
			isa = XCBuildConfiguration;
			buildSettings = {
				ASSETCATALOG_COMPILER_APPICON_NAME = AppIcon;
				ASSETCATALOG_COMPILER_LAUNCHIMAGE_NAME = LaunchImage;
				GCC_PRECOMPILE_PREFIX_HEADER = YES;
				GCC_PREFIX_HEADER = "Matchismo/Matchismo-Prefix.pch";
				INFOPLIST_FILE = "Matchismo/Matchismo-Info.plist";
				PRODUCT_NAME = "$(TARGET_NAME)";
				WRAPPER_EXTENSION = app;
			};
			name = Debug;
		};
		23CC51A4197B362F008879F9 /* Release */ = {
			isa = XCBuildConfiguration;
			buildSettings = {
				ASSETCATALOG_COMPILER_APPICON_NAME = AppIcon;
				ASSETCATALOG_COMPILER_LAUNCHIMAGE_NAME = LaunchImage;
				GCC_PRECOMPILE_PREFIX_HEADER = YES;
				GCC_PREFIX_HEADER = "Matchismo/Matchismo-Prefix.pch";
				INFOPLIST_FILE = "Matchismo/Matchismo-Info.plist";
				PRODUCT_NAME = "$(TARGET_NAME)";
				WRAPPER_EXTENSION = app;
			};
			name = Release;
		};
		23CC51A6197B362F008879F9 /* Debug */ = {
			isa = XCBuildConfiguration;
			buildSettings = {
				BUNDLE_LOADER = "$(BUILT_PRODUCTS_DIR)/Matchismo.app/Matchismo";
				FRAMEWORK_SEARCH_PATHS = (
					"$(SDKROOT)/Developer/Library/Frameworks",
					"$(inherited)",
					"$(DEVELOPER_FRAMEWORKS_DIR)",
				);
				GCC_PRECOMPILE_PREFIX_HEADER = YES;
				GCC_PREFIX_HEADER = "Matchismo/Matchismo-Prefix.pch";
				GCC_PREPROCESSOR_DEFINITIONS = (
					"DEBUG=1",
					"$(inherited)",
				);
				INFOPLIST_FILE = "MatchismoTests/MatchismoTests-Info.plist";
				PRODUCT_NAME = "$(TARGET_NAME)";
				TEST_HOST = "$(BUNDLE_LOADER)";
				WRAPPER_EXTENSION = xctest;
			};
			name = Debug;
		};
		23CC51A7197B362F008879F9 /* Release */ = {
			isa = XCBuildConfiguration;
			buildSettings = {
				BUNDLE_LOADER = "$(BUILT_PRODUCTS_DIR)/Matchismo.app/Matchismo";
				FRAMEWORK_SEARCH_PATHS = (
					"$(SDKROOT)/Developer/Library/Frameworks",
					"$(inherited)",
					"$(DEVELOPER_FRAMEWORKS_DIR)",
				);
				GCC_PRECOMPILE_PREFIX_HEADER = YES;
				GCC_PREFIX_HEADER = "Matchismo/Matchismo-Prefix.pch";
				INFOPLIST_FILE = "MatchismoTests/MatchismoTests-Info.plist";
				PRODUCT_NAME = "$(TARGET_NAME)";
				TEST_HOST = "$(BUNDLE_LOADER)";
				WRAPPER_EXTENSION = xctest;
			};
			name = Release;
		};
/* End XCBuildConfiguration section */

/* Begin XCConfigurationList section */
		23CC516B197B362F008879F9 /* Build configuration list for PBXProject "Matchismo" */ = {
			isa = XCConfigurationList;
			buildConfigurations = (
				23CC51A0197B362F008879F9 /* Debug */,
				23CC51A1197B362F008879F9 /* Release */,
			);
			defaultConfigurationIsVisible = 0;
			defaultConfigurationName = Release;
		};
		23CC51A2197B362F008879F9 /* Build configuration list for PBXNativeTarget "Matchismo" */ = {
			isa = XCConfigurationList;
			buildConfigurations = (
				23CC51A3197B362F008879F9 /* Debug */,
				23CC51A4197B362F008879F9 /* Release */,
			);
			defaultConfigurationIsVisible = 0;
		};
		23CC51A5197B362F008879F9 /* Build configuration list for PBXNativeTarget "MatchismoTests" */ = {
			isa = XCConfigurationList;
			buildConfigurations = (
				23CC51A6197B362F008879F9 /* Debug */,
				23CC51A7197B362F008879F9 /* Release */,
			);
			defaultConfigurationIsVisible = 0;
		};
/* End XCConfigurationList section */
	};
	rootObject = 23CC5168197B362F008879F9 /* Project object */;
}
